
Microsoft Visual Studio Solution File, Format Version 12.00
# Visual Studio Version 18
VisualStudioVersion = 18.0.11205.157 d18.0
MinimumVisualStudioVersion = 10.0.40219.1
Project("{FAE04EC0-301F-11D3-BF4B-00C04F79EFBC}") = "starter_code", "starter_code.csproj", "{954D69AC-8604-8BF1-6F81-155305A484EF}"
EndProject
Global
	GlobalSection(SolutionConfigurationPlatforms) = preSolution
		Debug|Any CPU = Debug|Any CPU
		Release|Any CPU = Release|Any CPU
	EndGlobalSection
	GlobalSection(ProjectConfigurationPlatforms) = postSolution
		{954D69AC-8604-8BF1-6F81-155305A484EF}.Debug|Any CPU.ActiveCfg = Debug|Any CPU
		{954D69AC-8604-8BF1-6F81-155305A484EF}.Debug|Any CPU.Build.0 = Debug|Any CPU
		{954D69AC-8604-8BF1-6F81-155305A484EF}.Release|Any CPU.ActiveCfg = Release|Any CPU
		{954D69AC-8604-8BF1-6F81-155305A484EF}.Release|Any CPU.Build.0 = Release|Any CPU
	EndGlobalSection
	GlobalSection(SolutionProperties) = preSolution
		HideSolutionNode = FALSE
	EndGlobalSection
	GlobalSection(ExtensibilityGlobals) = postSolution
		SolutionGuid = {691D65E4-E2BB-4451-98E5-68130738FBDE}
	EndGlobalSection
EndGlobal
